// !$*UTF8*$!
{
	archiveVersion = 1;
	classes = {
	};
	objectVersion = 46;
	objects = {

/* Begin PBXBuildFile section */
		831231241C6A2B7100422D00 /* PAMCustomDatePiker.m in Sources */ = {isa = PBXBuildFile; fileRef = 831231231C6A2B7100422D00 /* PAMCustomDatePiker.m */; };
		831231261C6A2D0400422D00 /* PAMCustomDatePiker.xib in Resources */ = {isa = PBXBuildFile; fileRef = 831231251C6A2D0400422D00 /* PAMCustomDatePiker.xib */; };
		831A74EA1C748715007BB322 /* PAMCoreData.xcdatamodeld in Sources */ = {isa = PBXBuildFile; fileRef = 831A74E81C748715007BB322 /* PAMCoreData.xcdatamodeld */; };
		833708B31C622C490006C9C9 /* PAMAddEventViewController.m in Sources */ = {isa = PBXBuildFile; fileRef = 833708B21C622C490006C9C9 /* PAMAddEventViewController.m */; };
		8342F0621C72043D000FC044 /* PAMLoginViewController.m in Sources */ = {isa = PBXBuildFile; fileRef = 8342F0611C72043D000FC044 /* PAMLoginViewController.m */; };
		836A61FE1C733119001085C3 /* PAMPartyMakerSDK.m in Sources */ = {isa = PBXBuildFile; fileRef = 836A61FD1C733119001085C3 /* PAMPartyMakerSDK.m */; };
		836A62011C736AE6001085C3 /* PAMUser.m in Sources */ = {isa = PBXBuildFile; fileRef = 836A62001C736AE6001085C3 /* PAMUser.m */; };
		836F47731C6221CE007F5ECC /* main.m in Sources */ = {isa = PBXBuildFile; fileRef = 836F47721C6221CE007F5ECC /* main.m */; };
		836F47761C6221CE007F5ECC /* PAMAppDelegate.m in Sources */ = {isa = PBXBuildFile; fileRef = 836F47751C6221CE007F5ECC /* PAMAppDelegate.m */; };
		836F477C1C6221CE007F5ECC /* Main.storyboard in Resources */ = {isa = PBXBuildFile; fileRef = 836F477A1C6221CE007F5ECC /* Main.storyboard */; };
		836F477E1C6221CE007F5ECC /* Assets.xcassets in Resources */ = {isa = PBXBuildFile; fileRef = 836F477D1C6221CE007F5ECC /* Assets.xcassets */; };
		836F47811C6221CE007F5ECC /* LaunchScreen.storyboard in Resources */ = {isa = PBXBuildFile; fileRef = 836F477F1C6221CE007F5ECC /* LaunchScreen.storyboard */; };
		837F257A1C75B7FE0011BFA3 /* PAMCreatePartyViewController.m in Sources */ = {isa = PBXBuildFile; fileRef = 837F25791C75B7FE0011BFA3 /* PAMCreatePartyViewController.m */; };
		838D66601C6CBF2B00C43BC8 /* PAMPartyTableCell.m in Sources */ = {isa = PBXBuildFile; fileRef = 838D665F1C6CBF2B00C43BC8 /* PAMPartyTableCell.m */; };
		838D66671C6CDBE600C43BC8 /* PAMShowPartyViewController.m in Sources */ = {isa = PBXBuildFile; fileRef = 838D66651C6CDBE600C43BC8 /* PAMShowPartyViewController.m */; };
		8397CA661C635C02006FDE42 /* MyriadProBold.ttf in Resources */ = {isa = PBXBuildFile; fileRef = 8397CA641C635C02006FDE42 /* MyriadProBold.ttf */; };
		8397CA671C635C02006FDE42 /* MyriadProRegular.ttf in Resources */ = {isa = PBXBuildFile; fileRef = 8397CA651C635C02006FDE42 /* MyriadProRegular.ttf */; };
		839A8ABF1C6B2BD900D715D3 /* PAMDataStore.m in Sources */ = {isa = PBXBuildFile; fileRef = 839A8ABE1C6B2BD900D715D3 /* PAMDataStore.m */; };
		839A8AC31C6B419E00D715D3 /* PAMPartiesTableViewController.m in Sources */ = {isa = PBXBuildFile; fileRef = 839A8AC11C6B419E00D715D3 /* PAMPartiesTableViewController.m */; };
		83FFB20A1C761A2C00423DD9 /* PAMUserCore+CoreDataProperties.m in Sources */ = {isa = PBXBuildFile; fileRef = 83FFB2031C761A2C00423DD9 /* PAMUserCore+CoreDataProperties.m */; };
		83FFB20B1C761A2C00423DD9 /* PAMUserCore.m in Sources */ = {isa = PBXBuildFile; fileRef = 83FFB2051C761A2C00423DD9 /* PAMUserCore.m */; };
		83FFB20C1C761A2C00423DD9 /* PAMPartyCore+CoreDataProperties.m in Sources */ = {isa = PBXBuildFile; fileRef = 83FFB2071C761A2C00423DD9 /* PAMPartyCore+CoreDataProperties.m */; };
		83FFB20D1C761A2C00423DD9 /* PAMPartyCore.m in Sources */ = {isa = PBXBuildFile; fileRef = 83FFB2091C761A2C00423DD9 /* PAMPartyCore.m */; };
		EA3ED6171C668B1D00CBCD45 /* logs.plist in Resources */ = {isa = PBXBuildFile; fileRef = EA3ED6161C668B1D00CBCD45 /* logs.plist */; };
		EA9F4E001C707DAE003B683F /* MyriadPro-It.otf in Resources */ = {isa = PBXBuildFile; fileRef = EA9F4DFF1C707DAE003B683F /* MyriadPro-It.otf */; };
		EA9F4E071C70DD8B003B683F /* NSString+PAMDateFormat.m in Sources */ = {isa = PBXBuildFile; fileRef = EA9F4E061C70DD8B003B683F /* NSString+PAMDateFormat.m */; };
		EADD7C791C6771E900EC4838 /* PAMParty.m in Sources */ = {isa = PBXBuildFile; fileRef = EADD7C781C6771E900EC4838 /* PAMParty.m */; };
/* End PBXBuildFile section */

/* Begin PBXFileReference section */
		831231221C6A2B7100422D00 /* PAMCustomDatePiker.h */ = {isa = PBXFileReference; fileEncoding = 4; lastKnownFileType = sourcecode.c.h; path = PAMCustomDatePiker.h; sourceTree = "<group>"; };
		831231231C6A2B7100422D00 /* PAMCustomDatePiker.m */ = {isa = PBXFileReference; fileEncoding = 4; lastKnownFileType = sourcecode.c.objc; path = PAMCustomDatePiker.m; sourceTree = "<group>"; };
		831231251C6A2D0400422D00 /* PAMCustomDatePiker.xib */ = {isa = PBXFileReference; fileEncoding = 4; lastKnownFileType = file.xib; name = PAMCustomDatePiker.xib; path = ../PAMCustomDatePiker.xib; sourceTree = "<group>"; };
		831A74E91C748715007BB322 /* PAMCoreData.xcdatamodel */ = {isa = PBXFileReference; lastKnownFileType = wrapper.xcdatamodel; path = PAMCoreData.xcdatamodel; sourceTree = "<group>"; };
		833708B11C622C490006C9C9 /* PAMAddEventViewController.h */ = {isa = PBXFileReference; fileEncoding = 4; lastKnownFileType = sourcecode.c.h; path = PAMAddEventViewController.h; sourceTree = "<group>"; };
		833708B21C622C490006C9C9 /* PAMAddEventViewController.m */ = {isa = PBXFileReference; fileEncoding = 4; lastKnownFileType = sourcecode.c.objc; path = PAMAddEventViewController.m; sourceTree = "<group>"; };
		8342F0601C72043D000FC044 /* PAMLoginViewController.h */ = {isa = PBXFileReference; fileEncoding = 4; lastKnownFileType = sourcecode.c.h; path = PAMLoginViewController.h; sourceTree = "<group>"; };
		8342F0611C72043D000FC044 /* PAMLoginViewController.m */ = {isa = PBXFileReference; fileEncoding = 4; lastKnownFileType = sourcecode.c.objc; path = PAMLoginViewController.m; sourceTree = "<group>"; };
		836A61FC1C733119001085C3 /* PAMPartyMakerSDK.h */ = {isa = PBXFileReference; fileEncoding = 4; lastKnownFileType = sourcecode.c.h; name = PAMPartyMakerSDK.h; path = ../PAMPartyMakerSDK.h; sourceTree = "<group>"; };
		836A61FD1C733119001085C3 /* PAMPartyMakerSDK.m */ = {isa = PBXFileReference; fileEncoding = 4; lastKnownFileType = sourcecode.c.objc; name = PAMPartyMakerSDK.m; path = ../PAMPartyMakerSDK.m; sourceTree = "<group>"; };
		836A61FF1C736AE6001085C3 /* PAMUser.h */ = {isa = PBXFileReference; fileEncoding = 4; lastKnownFileType = sourcecode.c.h; path = PAMUser.h; sourceTree = "<group>"; };
		836A62001C736AE6001085C3 /* PAMUser.m */ = {isa = PBXFileReference; fileEncoding = 4; lastKnownFileType = sourcecode.c.objc; path = PAMUser.m; sourceTree = "<group>"; };
		836F476E1C6221CE007F5ECC /* PartyMaker.app */ = {isa = PBXFileReference; explicitFileType = wrapper.application; includeInIndex = 0; path = PartyMaker.app; sourceTree = BUILT_PRODUCTS_DIR; };
		836F47721C6221CE007F5ECC /* main.m */ = {isa = PBXFileReference; lastKnownFileType = sourcecode.c.objc; path = main.m; sourceTree = "<group>"; };
		836F47741C6221CE007F5ECC /* PAMAppDelegate.h */ = {isa = PBXFileReference; lastKnownFileType = sourcecode.c.h; path = PAMAppDelegate.h; sourceTree = "<group>"; };
		836F47751C6221CE007F5ECC /* PAMAppDelegate.m */ = {isa = PBXFileReference; lastKnownFileType = sourcecode.c.objc; path = PAMAppDelegate.m; sourceTree = "<group>"; };
		836F477B1C6221CE007F5ECC /* Base */ = {isa = PBXFileReference; lastKnownFileType = file.storyboard; name = Base; path = Base.lproj/Main.storyboard; sourceTree = "<group>"; };
		836F477D1C6221CE007F5ECC /* Assets.xcassets */ = {isa = PBXFileReference; lastKnownFileType = folder.assetcatalog; path = Assets.xcassets; sourceTree = "<group>"; };
		836F47801C6221CE007F5ECC /* Base */ = {isa = PBXFileReference; lastKnownFileType = file.storyboard; name = Base; path = Base.lproj/LaunchScreen.storyboard; sourceTree = "<group>"; };
		836F47821C6221CE007F5ECC /* Info.plist */ = {isa = PBXFileReference; lastKnownFileType = text.plist.xml; path = Info.plist; sourceTree = "<group>"; };
		837F25781C75B7FE0011BFA3 /* PAMCreatePartyViewController.h */ = {isa = PBXFileReference; fileEncoding = 4; lastKnownFileType = sourcecode.c.h; path = PAMCreatePartyViewController.h; sourceTree = "<group>"; };
		837F25791C75B7FE0011BFA3 /* PAMCreatePartyViewController.m */ = {isa = PBXFileReference; fileEncoding = 4; lastKnownFileType = sourcecode.c.objc; path = PAMCreatePartyViewController.m; sourceTree = "<group>"; };
		838D665E1C6CBF2B00C43BC8 /* PAMPartyTableCell.h */ = {isa = PBXFileReference; fileEncoding = 4; lastKnownFileType = sourcecode.c.h; path = PAMPartyTableCell.h; sourceTree = "<group>"; };
		838D665F1C6CBF2B00C43BC8 /* PAMPartyTableCell.m */ = {isa = PBXFileReference; fileEncoding = 4; lastKnownFileType = sourcecode.c.objc; path = PAMPartyTableCell.m; sourceTree = "<group>"; };
		838D66641C6CDBE600C43BC8 /* PAMShowPartyViewController.h */ = {isa = PBXFileReference; fileEncoding = 4; lastKnownFileType = sourcecode.c.h; path = PAMShowPartyViewController.h; sourceTree = "<group>"; };
		838D66651C6CDBE600C43BC8 /* PAMShowPartyViewController.m */ = {isa = PBXFileReference; fileEncoding = 4; lastKnownFileType = sourcecode.c.objc; path = PAMShowPartyViewController.m; sourceTree = "<group>"; };
		8397CA641C635C02006FDE42 /* MyriadProBold.ttf */ = {isa = PBXFileReference; lastKnownFileType = file; path = MyriadProBold.ttf; sourceTree = "<group>"; };
		8397CA651C635C02006FDE42 /* MyriadProRegular.ttf */ = {isa = PBXFileReference; lastKnownFileType = file; path = MyriadProRegular.ttf; sourceTree = "<group>"; };
		839A8ABD1C6B2BD900D715D3 /* PAMDataStore.h */ = {isa = PBXFileReference; fileEncoding = 4; lastKnownFileType = sourcecode.c.h; path = PAMDataStore.h; sourceTree = "<group>"; };
		839A8ABE1C6B2BD900D715D3 /* PAMDataStore.m */ = {isa = PBXFileReference; fileEncoding = 4; lastKnownFileType = sourcecode.c.objc; path = PAMDataStore.m; sourceTree = "<group>"; };
		839A8AC01C6B419E00D715D3 /* PAMPartiesTableViewController.h */ = {isa = PBXFileReference; fileEncoding = 4; lastKnownFileType = sourcecode.c.h; path = PAMPartiesTableViewController.h; sourceTree = "<group>"; };
		839A8AC11C6B419E00D715D3 /* PAMPartiesTableViewController.m */ = {isa = PBXFileReference; fileEncoding = 4; lastKnownFileType = sourcecode.c.objc; path = PAMPartiesTableViewController.m; sourceTree = "<group>"; };
		83FFB2021C761A2C00423DD9 /* PAMUserCore+CoreDataProperties.h */ = {isa = PBXFileReference; fileEncoding = 4; lastKnownFileType = sourcecode.c.h; path = "PAMUserCore+CoreDataProperties.h"; sourceTree = "<group>"; };
		83FFB2031C761A2C00423DD9 /* PAMUserCore+CoreDataProperties.m */ = {isa = PBXFileReference; fileEncoding = 4; lastKnownFileType = sourcecode.c.objc; path = "PAMUserCore+CoreDataProperties.m"; sourceTree = "<group>"; };
		83FFB2041C761A2C00423DD9 /* PAMUserCore.h */ = {isa = PBXFileReference; fileEncoding = 4; lastKnownFileType = sourcecode.c.h; path = PAMUserCore.h; sourceTree = "<group>"; };
		83FFB2051C761A2C00423DD9 /* PAMUserCore.m */ = {isa = PBXFileReference; fileEncoding = 4; lastKnownFileType = sourcecode.c.objc; path = PAMUserCore.m; sourceTree = "<group>"; };
		83FFB2061C761A2C00423DD9 /* PAMPartyCore+CoreDataProperties.h */ = {isa = PBXFileReference; fileEncoding = 4; lastKnownFileType = sourcecode.c.h; path = "PAMPartyCore+CoreDataProperties.h"; sourceTree = "<group>"; };
		83FFB2071C761A2C00423DD9 /* PAMPartyCore+CoreDataProperties.m */ = {isa = PBXFileReference; fileEncoding = 4; lastKnownFileType = sourcecode.c.objc; path = "PAMPartyCore+CoreDataProperties.m"; sourceTree = "<group>"; };
		83FFB2081C761A2C00423DD9 /* PAMPartyCore.h */ = {isa = PBXFileReference; fileEncoding = 4; lastKnownFileType = sourcecode.c.h; path = PAMPartyCore.h; sourceTree = "<group>"; };
		83FFB2091C761A2C00423DD9 /* PAMPartyCore.m */ = {isa = PBXFileReference; fileEncoding = 4; lastKnownFileType = sourcecode.c.objc; path = PAMPartyCore.m; sourceTree = "<group>"; };
		EA3ED6161C668B1D00CBCD45 /* logs.plist */ = {isa = PBXFileReference; fileEncoding = 4; lastKnownFileType = text.plist.xml; path = logs.plist; sourceTree = "<group>"; };
		EA9F4DFF1C707DAE003B683F /* MyriadPro-It.otf */ = {isa = PBXFileReference; lastKnownFileType = file; path = "MyriadPro-It.otf"; sourceTree = "<group>"; };
		EA9F4E051C70DD8B003B683F /* NSString+PAMDateFormat.h */ = {isa = PBXFileReference; fileEncoding = 4; lastKnownFileType = sourcecode.c.h; path = "NSString+PAMDateFormat.h"; sourceTree = "<group>"; };
		EA9F4E061C70DD8B003B683F /* NSString+PAMDateFormat.m */ = {isa = PBXFileReference; fileEncoding = 4; lastKnownFileType = sourcecode.c.objc; path = "NSString+PAMDateFormat.m"; sourceTree = "<group>"; };
		EADD7C771C6771E900EC4838 /* PAMParty.h */ = {isa = PBXFileReference; fileEncoding = 4; lastKnownFileType = sourcecode.c.h; path = PAMParty.h; sourceTree = "<group>"; };
		EADD7C781C6771E900EC4838 /* PAMParty.m */ = {isa = PBXFileReference; fileEncoding = 4; lastKnownFileType = sourcecode.c.objc; path = PAMParty.m; sourceTree = "<group>"; };
/* End PBXFileReference section */

/* Begin PBXFrameworksBuildPhase section */
		836F476B1C6221CE007F5ECC /* Frameworks */ = {
			isa = PBXFrameworksBuildPhase;
			buildActionMask = 2147483647;
			files = (
			);
			runOnlyForDeploymentPostprocessing = 0;
		};
/* End PBXFrameworksBuildPhase section */

/* Begin PBXGroup section */
		831A75291C74BE8F007BB322 /* CoreData Models  */ = {
			isa = PBXGroup;
			children = (
				83FFB2021C761A2C00423DD9 /* PAMUserCore+CoreDataProperties.h */,
				83FFB2031C761A2C00423DD9 /* PAMUserCore+CoreDataProperties.m */,
				83FFB2041C761A2C00423DD9 /* PAMUserCore.h */,
				83FFB2051C761A2C00423DD9 /* PAMUserCore.m */,
				83FFB2061C761A2C00423DD9 /* PAMPartyCore+CoreDataProperties.h */,
				83FFB2071C761A2C00423DD9 /* PAMPartyCore+CoreDataProperties.m */,
				83FFB2081C761A2C00423DD9 /* PAMPartyCore.h */,
				83FFB2091C761A2C00423DD9 /* PAMPartyCore.m */,
				831A74E81C748715007BB322 /* PAMCoreData.xcdatamodeld */,
			);
			name = "CoreData Models ";
			sourceTree = "<group>";
		};
		836F47651C6221CE007F5ECC = {
			isa = PBXGroup;
			children = (
				836F47701C6221CE007F5ECC /* PartyMaker */,
				836F476F1C6221CE007F5ECC /* Products */,
			);
			sourceTree = "<group>";
		};
		836F476F1C6221CE007F5ECC /* Products */ = {
			isa = PBXGroup;
			children = (
				836F476E1C6221CE007F5ECC /* PartyMaker.app */,
			);
			name = Products;
			sourceTree = "<group>";
		};
		836F47701C6221CE007F5ECC /* PartyMaker */ = {
			isa = PBXGroup;
			children = (
				EA9F4E011C70D977003B683F /* Categories */,
				831A75291C74BE8F007BB322 /* CoreData Models  */,
				EA74B41F1C6A6CF500960CE0 /* Models */,
				EA74B4221C6A6F4D00960CE0 /* Views */,
				EA74B4201C6A6D0000960CE0 /* Controllers */,
				EA74B4211C6A6EAD00960CE0 /* Storyboards */,
				8397CA631C635BE8006FDE42 /* Font */,
				836F47711C6221CE007F5ECC /* Supporting Files */,
			);
			path = PartyMaker;
			sourceTree = "<group>";
		};
		836F47711C6221CE007F5ECC /* Supporting Files */ = {
			isa = PBXGroup;
			children = (
				836F477D1C6221CE007F5ECC /* Assets.xcassets */,
				836F47741C6221CE007F5ECC /* PAMAppDelegate.h */,
				836F47751C6221CE007F5ECC /* PAMAppDelegate.m */,
				836F47821C6221CE007F5ECC /* Info.plist */,
				EA3ED6161C668B1D00CBCD45 /* logs.plist */,
				836F47721C6221CE007F5ECC /* main.m */,
			);
			name = "Supporting Files";
			sourceTree = "<group>";
		};
		8397CA631C635BE8006FDE42 /* Font */ = {
			isa = PBXGroup;
			children = (
				8397CA641C635C02006FDE42 /* MyriadProBold.ttf */,
				8397CA651C635C02006FDE42 /* MyriadProRegular.ttf */,
				EA9F4DFF1C707DAE003B683F /* MyriadPro-It.otf */,
			);
			name = Font;
			sourceTree = "<group>";
		};
		83A134131C6DD09600EE6097 /* Date Picker */ = {
			isa = PBXGroup;
			children = (
				831231221C6A2B7100422D00 /* PAMCustomDatePiker.h */,
				831231231C6A2B7100422D00 /* PAMCustomDatePiker.m */,
				831231251C6A2D0400422D00 /* PAMCustomDatePiker.xib */,
			);
			name = "Date Picker";
			sourceTree = "<group>";
		};
		83A134141C6DD0E800EE6097 /* Table Show Party */ = {
			isa = PBXGroup;
			children = (
				838D665E1C6CBF2B00C43BC8 /* PAMPartyTableCell.h */,
				838D665F1C6CBF2B00C43BC8 /* PAMPartyTableCell.m */,
				839A8AC01C6B419E00D715D3 /* PAMPartiesTableViewController.h */,
				839A8AC11C6B419E00D715D3 /* PAMPartiesTableViewController.m */,
			);
			name = "Table Show Party";
			sourceTree = "<group>";
		};
		EA74B41F1C6A6CF500960CE0 /* Models */ = {
			isa = PBXGroup;
			children = (
				836A61FF1C736AE6001085C3 /* PAMUser.h */,
				836A62001C736AE6001085C3 /* PAMUser.m */,
				EADD7C771C6771E900EC4838 /* PAMParty.h */,
				EADD7C781C6771E900EC4838 /* PAMParty.m */,
			);
			name = Models;
			sourceTree = "<group>";
		};
		EA74B4201C6A6D0000960CE0 /* Controllers */ = {
			isa = PBXGroup;
			children = (
				836A61FC1C733119001085C3 /* PAMPartyMakerSDK.h */,
				836A61FD1C733119001085C3 /* PAMPartyMakerSDK.m */,
				839A8ABD1C6B2BD900D715D3 /* PAMDataStore.h */,
				839A8ABE1C6B2BD900D715D3 /* PAMDataStore.m */,
				833708B11C622C490006C9C9 /* PAMAddEventViewController.h */,
				833708B21C622C490006C9C9 /* PAMAddEventViewController.m */,
			);
			name = Controllers;
			sourceTree = "<group>";
		};
		EA74B4211C6A6EAD00960CE0 /* Storyboards */ = {
			isa = PBXGroup;
			children = (
				836F477A1C6221CE007F5ECC /* Main.storyboard */,
				836F477F1C6221CE007F5ECC /* LaunchScreen.storyboard */,
			);
			name = Storyboards;
			sourceTree = "<group>";
		};
		EA74B4221C6A6F4D00960CE0 /* Views */ = {
			isa = PBXGroup;
			children = (
				83A134131C6DD09600EE6097 /* Date Picker */,
				83A134141C6DD0E800EE6097 /* Table Show Party */,
				8342F0601C72043D000FC044 /* PAMLoginViewController.h */,
				8342F0611C72043D000FC044 /* PAMLoginViewController.m */,
				838D66641C6CDBE600C43BC8 /* PAMShowPartyViewController.h */,
				838D66651C6CDBE600C43BC8 /* PAMShowPartyViewController.m */,
				837F25781C75B7FE0011BFA3 /* PAMCreatePartyViewController.h */,
				837F25791C75B7FE0011BFA3 /* PAMCreatePartyViewController.m */,
			);
			name = Views;
			sourceTree = "<group>";
		};
		EA9F4E011C70D977003B683F /* Categories */ = {
			isa = PBXGroup;
			children = (
				EA9F4E051C70DD8B003B683F /* NSString+PAMDateFormat.h */,
				EA9F4E061C70DD8B003B683F /* NSString+PAMDateFormat.m */,
			);
			name = Categories;
			sourceTree = "<group>";
		};
/* End PBXGroup section */

/* Begin PBXNativeTarget section */
		836F476D1C6221CE007F5ECC /* PartyMaker */ = {
			isa = PBXNativeTarget;
			buildConfigurationList = 836F47851C6221CE007F5ECC /* Build configuration list for PBXNativeTarget "PartyMaker" */;
			buildPhases = (
				836F476A1C6221CE007F5ECC /* Sources */,
				836F476B1C6221CE007F5ECC /* Frameworks */,
				836F476C1C6221CE007F5ECC /* Resources */,
			);
			buildRules = (
			);
			dependencies = (
			);
			name = PartyMaker;
			productName = PartyMaker;
			productReference = 836F476E1C6221CE007F5ECC /* PartyMaker.app */;
			productType = "com.apple.product-type.application";
		};
/* End PBXNativeTarget section */

/* Begin PBXProject section */
		836F47661C6221CE007F5ECC /* Project object */ = {
			isa = PBXProject;
			attributes = {
				LastUpgradeCheck = 0720;
				ORGANIZATIONNAME = Softheme;
				TargetAttributes = {
					836F476D1C6221CE007F5ECC = {
						CreatedOnToolsVersion = 7.2;
						DevelopmentTeam = 2GS3DZHCM6;
					};
				};
			};
			buildConfigurationList = 836F47691C6221CE007F5ECC /* Build configuration list for PBXProject "PartyMaker" */;
			compatibilityVersion = "Xcode 3.2";
			developmentRegion = English;
			hasScannedForEncodings = 0;
			knownRegions = (
				en,
				Base,
			);
			mainGroup = 836F47651C6221CE007F5ECC;
			productRefGroup = 836F476F1C6221CE007F5ECC /* Products */;
			projectDirPath = "";
			projectRoot = "";
			targets = (
				836F476D1C6221CE007F5ECC /* PartyMaker */,
			);
		};
/* End PBXProject section */

/* Begin PBXResourcesBuildPhase section */
		836F476C1C6221CE007F5ECC /* Resources */ = {
			isa = PBXResourcesBuildPhase;
			buildActionMask = 2147483647;
			files = (
				836F47811C6221CE007F5ECC /* LaunchScreen.storyboard in Resources */,
				8397CA661C635C02006FDE42 /* MyriadProBold.ttf in Resources */,
				836F477E1C6221CE007F5ECC /* Assets.xcassets in Resources */,
				836F477C1C6221CE007F5ECC /* Main.storyboard in Resources */,
				EA9F4E001C707DAE003B683F /* MyriadPro-It.otf in Resources */,
				831231261C6A2D0400422D00 /* PAMCustomDatePiker.xib in Resources */,
				8397CA671C635C02006FDE42 /* MyriadProRegular.ttf in Resources */,
				EA3ED6171C668B1D00CBCD45 /* logs.plist in Resources */,
			);
			runOnlyForDeploymentPostprocessing = 0;
		};
/* End PBXResourcesBuildPhase section */

/* Begin PBXSourcesBuildPhase section */
		836F476A1C6221CE007F5ECC /* Sources */ = {
			isa = PBXSourcesBuildPhase;
			buildActionMask = 2147483647;
			files = (
				836A61FE1C733119001085C3 /* PAMPartyMakerSDK.m in Sources */,
				836F47761C6221CE007F5ECC /* PAMAppDelegate.m in Sources */,
				83FFB20B1C761A2C00423DD9 /* PAMUserCore.m in Sources */,
				838D66671C6CDBE600C43BC8 /* PAMShowPartyViewController.m in Sources */,
				833708B31C622C490006C9C9 /* PAMAddEventViewController.m in Sources */,
				838D66601C6CBF2B00C43BC8 /* PAMPartyTableCell.m in Sources */,
				831231241C6A2B7100422D00 /* PAMCustomDatePiker.m in Sources */,
				EA9F4E071C70DD8B003B683F /* NSString+PAMDateFormat.m in Sources */,
				83FFB20C1C761A2C00423DD9 /* PAMPartyCore+CoreDataProperties.m in Sources */,
				836F47731C6221CE007F5ECC /* main.m in Sources */,
				83FFB20A1C761A2C00423DD9 /* PAMUserCore+CoreDataProperties.m in Sources */,
				839A8ABF1C6B2BD900D715D3 /* PAMDataStore.m in Sources */,
				8342F0621C72043D000FC044 /* PAMLoginViewController.m in Sources */,
				839A8AC31C6B419E00D715D3 /* PAMPartiesTableViewController.m in Sources */,
				831A74EA1C748715007BB322 /* PAMCoreData.xcdatamodeld in Sources */,
				EADD7C791C6771E900EC4838 /* PAMParty.m in Sources */,
				836A62011C736AE6001085C3 /* PAMUser.m in Sources */,
				837F257A1C75B7FE0011BFA3 /* PAMCreatePartyViewController.m in Sources */,
				83FFB20D1C761A2C00423DD9 /* PAMPartyCore.m in Sources */,
			);
			runOnlyForDeploymentPostprocessing = 0;
		};
/* End PBXSourcesBuildPhase section */

/* Begin PBXVariantGroup section */
		836F477A1C6221CE007F5ECC /* Main.storyboard */ = {
			isa = PBXVariantGroup;
			children = (
				836F477B1C6221CE007F5ECC /* Base */,
			);
			name = Main.storyboard;
			sourceTree = "<group>";
		};
		836F477F1C6221CE007F5ECC /* LaunchScreen.storyboard */ = {
			isa = PBXVariantGroup;
			children = (
				836F47801C6221CE007F5ECC /* Base */,
			);
			name = LaunchScreen.storyboard;
			sourceTree = "<group>";
		};
/* End PBXVariantGroup section */

/* Begin XCBuildConfiguration section */
		836F47831C6221CE007F5ECC /* Debug */ = {
			isa = XCBuildConfiguration;
			buildSettings = {
				ALWAYS_SEARCH_USER_PATHS = NO;
				CLANG_CXX_LANGUAGE_STANDARD = "gnu++0x";
				CLANG_CXX_LIBRARY = "libc++";
				CLANG_ENABLE_MODULES = YES;
				CLANG_ENABLE_OBJC_ARC = YES;
				CLANG_WARN_BOOL_CONVERSION = YES;
				CLANG_WARN_CONSTANT_CONVERSION = YES;
				CLANG_WARN_DIRECT_OBJC_ISA_USAGE = YES_ERROR;
				CLANG_WARN_EMPTY_BODY = YES;
				CLANG_WARN_ENUM_CONVERSION = YES;
				CLANG_WARN_INT_CONVERSION = YES;
				CLANG_WARN_OBJC_ROOT_CLASS = YES_ERROR;
				CLANG_WARN_UNREACHABLE_CODE = YES;
				CLANG_WARN__DUPLICATE_METHOD_MATCH = YES;
				"CODE_SIGN_IDENTITY[sdk=iphoneos*]" = "iPhone Developer";
				COPY_PHASE_STRIP = NO;
				DEBUG_INFORMATION_FORMAT = dwarf;
				ENABLE_STRICT_OBJC_MSGSEND = YES;
				ENABLE_TESTABILITY = YES;
				GCC_C_LANGUAGE_STANDARD = gnu99;
				GCC_DYNAMIC_NO_PIC = NO;
				GCC_NO_COMMON_BLOCKS = YES;
				GCC_OPTIMIZATION_LEVEL = 0;
				GCC_PREPROCESSOR_DEFINITIONS = (
					"DEBUG=1",
					"$(inherited)",
				);
				GCC_WARN_64_TO_32_BIT_CONVERSION = YES;
				GCC_WARN_ABOUT_RETURN_TYPE = YES_ERROR;
				GCC_WARN_UNDECLARED_SELECTOR = YES;
				GCC_WARN_UNINITIALIZED_AUTOS = YES_AGGRESSIVE;
				GCC_WARN_UNUSED_FUNCTION = YES;
				GCC_WARN_UNUSED_VARIABLE = YES;
				IPHONEOS_DEPLOYMENT_TARGET = 9.2;
				MTL_ENABLE_DEBUG_INFO = YES;
				ONLY_ACTIVE_ARCH = YES;
				SDKROOT = iphoneos;
			};
			name = Debug;
		};
		836F47841C6221CE007F5ECC /* Release */ = {
			isa = XCBuildConfiguration;
			buildSettings = {
				ALWAYS_SEARCH_USER_PATHS = NO;
				CLANG_CXX_LANGUAGE_STANDARD = "gnu++0x";
				CLANG_CXX_LIBRARY = "libc++";
				CLANG_ENABLE_MODULES = YES;
				CLANG_ENABLE_OBJC_ARC = YES;
				CLANG_WARN_BOOL_CONVERSION = YES;
				CLANG_WARN_CONSTANT_CONVERSION = YES;
				CLANG_WARN_DIRECT_OBJC_ISA_USAGE = YES_ERROR;
				CLANG_WARN_EMPTY_BODY = YES;
				CLANG_WARN_ENUM_CONVERSION = YES;
				CLANG_WARN_INT_CONVERSION = YES;
				CLANG_WARN_OBJC_ROOT_CLASS = YES_ERROR;
				CLANG_WARN_UNREACHABLE_CODE = YES;
				CLANG_WARN__DUPLICATE_METHOD_MATCH = YES;
				"CODE_SIGN_IDENTITY[sdk=iphoneos*]" = "iPhone Developer";
				COPY_PHASE_STRIP = NO;
				DEBUG_INFORMATION_FORMAT = "dwarf-with-dsym";
				ENABLE_NS_ASSERTIONS = NO;
				ENABLE_STRICT_OBJC_MSGSEND = YES;
				GCC_C_LANGUAGE_STANDARD = gnu99;
				GCC_NO_COMMON_BLOCKS = YES;
				GCC_WARN_64_TO_32_BIT_CONVERSION = YES;
				GCC_WARN_ABOUT_RETURN_TYPE = YES_ERROR;
				GCC_WARN_UNDECLARED_SELECTOR = YES;
				GCC_WARN_UNINITIALIZED_AUTOS = YES_AGGRESSIVE;
				GCC_WARN_UNUSED_FUNCTION = YES;
				GCC_WARN_UNUSED_VARIABLE = YES;
				IPHONEOS_DEPLOYMENT_TARGET = 9.2;
				MTL_ENABLE_DEBUG_INFO = NO;
				SDKROOT = iphoneos;
				VALIDATE_PRODUCT = YES;
			};
			name = Release;
		};
		836F47861C6221CE007F5ECC /* Debug */ = {
			isa = XCBuildConfiguration;
			buildSettings = {
				ASSETCATALOG_COMPILER_APPICON_NAME = AppIcon;
				CODE_SIGN_IDENTITY = "iPhone Developer";
				"CODE_SIGN_IDENTITY[sdk=iphoneos*]" = "iPhone Developer";
				INFOPLIST_FILE = PartyMaker/Info.plist;
				IPHONEOS_DEPLOYMENT_TARGET = 9.2;
				LD_RUNPATH_SEARCH_PATHS = "$(inherited) @executable_path/Frameworks";
				PRODUCT_BUNDLE_IDENTIFIER = PAM.PartyMaker;
				PRODUCT_NAME = "$(TARGET_NAME)";
				PROVISIONING_PROFILE = "";
			};
			name = Debug;
		};
		836F47871C6221CE007F5ECC /* Release */ = {
			isa = XCBuildConfiguration;
			buildSettings = {
				ASSETCATALOG_COMPILER_APPICON_NAME = AppIcon;
				CODE_SIGN_IDENTITY = "iPhone Developer";
				"CODE_SIGN_IDENTITY[sdk=iphoneos*]" = "iPhone Developer";
				INFOPLIST_FILE = PartyMaker/Info.plist;
				IPHONEOS_DEPLOYMENT_TARGET = 9.2;
				LD_RUNPATH_SEARCH_PATHS = "$(inherited) @executable_path/Frameworks";
				PRODUCT_BUNDLE_IDENTIFIER = PAM.PartyMaker;
				PRODUCT_NAME = "$(TARGET_NAME)";
				PROVISIONING_PROFILE = "";
			};
			name = Release;
		};
/* End XCBuildConfiguration section */

/* Begin XCConfigurationList section */
		836F47691C6221CE007F5ECC /* Build configuration list for PBXProject "PartyMaker" */ = {
			isa = XCConfigurationList;
			buildConfigurations = (
				836F47831C6221CE007F5ECC /* Debug */,
				836F47841C6221CE007F5ECC /* Release */,
			);
			defaultConfigurationIsVisible = 0;
			defaultConfigurationName = Release;
		};
		836F47851C6221CE007F5ECC /* Build configuration list for PBXNativeTarget "PartyMaker" */ = {
			isa = XCConfigurationList;
			buildConfigurations = (
				836F47861C6221CE007F5ECC /* Debug */,
				836F47871C6221CE007F5ECC /* Release */,
			);
			defaultConfigurationIsVisible = 0;
			defaultConfigurationName = Release;
		};
/* End XCConfigurationList section */

/* Begin XCVersionGroup section */
		831A74E81C748715007BB322 /* PAMCoreData.xcdatamodeld */ = {
			isa = XCVersionGroup;
			children = (
				831A74E91C748715007BB322 /* PAMCoreData.xcdatamodel */,
			);
			currentVersion = 831A74E91C748715007BB322 /* PAMCoreData.xcdatamodel */;
			path = PAMCoreData.xcdatamodeld;
			sourceTree = "<group>";
			versionGroupType = wrapper.xcdatamodel;
		};
/* End XCVersionGroup section */
	};
	rootObject = 836F47661C6221CE007F5ECC /* Project object */;
}
